
Microsoft Visual Studio Solution File, Format Version 12.00
# Visual Studio Version 17
VisualStudioVersion = 17.4.33205.214
MinimumVisualStudioVersion = 10.0.40219.1
Project("{888888A0-9F3D-457C-B088-3A5042F75D52}") = "Discord GPT-3 Bot", "Discord GPT-3 Bot\Discord GPT-3 Bot.pyproj", "{9B32C4F1-C01E-4A97-8926-CBC16CF82F0A}"
EndProject
Global
	GlobalSection(SolutionConfigurationPlatforms) = preSolution
		Debug|Any CPU = Debug|Any CPU
		Release|Any CPU = Release|Any CPU
	EndGlobalSection
	GlobalSection(ProjectConfigurationPlatforms) = postSolution
		{9B32C4F1-C01E-4A97-8926-CBC16CF82F0A}.Debug|Any CPU.ActiveCfg = Debug|Any CPU
		{9B32C4F1-C01E-4A97-8926-CBC16CF82F0A}.Release|Any CPU.ActiveCfg = Release|Any CPU
	EndGlobalSection
	GlobalSection(SolutionProperties) = preSolution
		HideSolutionNode = FALSE
	EndGlobalSection
	GlobalSection(ExtensibilityGlobals) = postSolution
		SolutionGuid = {FD6E6CFC-0F3D-4E40-BA72-B47E4A70CA64}
	EndGlobalSection
EndGlobal
